// !$*UTF8*$!
{
	archiveVersion = 1;
	classes = {
	};
	objectVersion = 55;
	objects = {

/* Begin PBXBuildFile section */
		4F31D5C828D1FD480092A2FC /* ActivityModel.swift in Sources */ = {isa = PBXBuildFile; fileRef = 4F31D5C728D1FD480092A2FC /* ActivityModel.swift */; };
		4F31D5CA28D200730092A2FC /* database.json in Resources */ = {isa = PBXBuildFile; fileRef = 4F31D5C928D200730092A2FC /* database.json */; };
		4F31D5CC28D2215C0092A2FC /* HeartView.swift in Sources */ = {isa = PBXBuildFile; fileRef = 4F31D5CB28D2215C0092A2FC /* HeartView.swift */; };
		4F5076DC28D36EAD00DAEF80 /* SpeakView.swift in Sources */ = {isa = PBXBuildFile; fileRef = 4F5076DB28D36EAD00DAEF80 /* SpeakView.swift */; };
		4F5076DE28D36EC000DAEF80 /* SpeakModel.swift in Sources */ = {isa = PBXBuildFile; fileRef = 4F5076DD28D36EC000DAEF80 /* SpeakModel.swift */; };
		4F5076E128D3766000DAEF80 /* MainController.swift in Sources */ = {isa = PBXBuildFile; fileRef = 4FA74FA828CB6658005387CF /* MainController.swift */; };
		4FA74FA528CB65D8005387CF /* ViewCoding.swift in Sources */ = {isa = PBXBuildFile; fileRef = 4FA74FA428CB65D8005387CF /* ViewCoding.swift */; };
		4FA74FAB28CB6778005387CF /* MainBackgroundView.swift in Sources */ = {isa = PBXBuildFile; fileRef = 4FA74FAA28CB6778005387CF /* MainBackgroundView.swift */; };
		4FA74FAD28CF721C005387CF /* PersonaModel.swift in Sources */ = {isa = PBXBuildFile; fileRef = 4FA74FAC28CF721C005387CF /* PersonaModel.swift */; };
		4FA74FB228CF732D005387CF /* Lottie in Frameworks */ = {isa = PBXBuildFile; productRef = 4FA74FB128CF732D005387CF /* Lottie */; };
		4FA74FB428CF75D7005387CF /* CircularProgressView.swift in Sources */ = {isa = PBXBuildFile; fileRef = 4FA74FB328CF75D7005387CF /* CircularProgressView.swift */; };
		4FBB7CCC28DA188500648580 /* CustomTableViewController.swift in Sources */ = {isa = PBXBuildFile; fileRef = 4FBB7CCB28DA188500648580 /* CustomTableViewController.swift */; };
		4FBB7CCE28DA18BD00648580 /* CustomTableViewCell.swift in Sources */ = {isa = PBXBuildFile; fileRef = 4FBB7CCD28DA18BD00648580 /* CustomTableViewCell.swift */; };
		4FBB7CD228DA98D100648580 /* PinFunction.swift in Sources */ = {isa = PBXBuildFile; fileRef = 4FBB7CD128DA98D100648580 /* PinFunction.swift */; };
		B901B9E928E1DC2E00947F69 /* ActivityToTableViewDelegate.swift in Sources */ = {isa = PBXBuildFile; fileRef = B901B9E828E1DC2E00947F69 /* ActivityToTableViewDelegate.swift */; };
		B91CE86828DC89960066E2F5 /* ReadJson.swift in Sources */ = {isa = PBXBuildFile; fileRef = B91CE86728DC89960066E2F5 /* ReadJson.swift */; };
		B91CE86A28DCAC850066E2F5 /* SpeakDelegate.swift in Sources */ = {isa = PBXBuildFile; fileRef = B91CE86928DCAC850066E2F5 /* SpeakDelegate.swift */; };
		B92300A928D89863001D8C99 /* CardActivityView.swift in Sources */ = {isa = PBXBuildFile; fileRef = B92300A828D89863001D8C99 /* CardActivityView.swift */; };
		B936347A28D4A79300BDC4E6 /* SpeakModelTests.swift in Sources */ = {isa = PBXBuildFile; fileRef = B936347928D4A79300BDC4E6 /* SpeakModelTests.swift */; };
		B9B55FF028C6235E00B37ED4 /* AppDelegate.swift in Sources */ = {isa = PBXBuildFile; fileRef = B9B55FEF28C6235E00B37ED4 /* AppDelegate.swift */; };
		B9B55FF228C6235E00B37ED4 /* SceneDelegate.swift in Sources */ = {isa = PBXBuildFile; fileRef = B9B55FF128C6235E00B37ED4 /* SceneDelegate.swift */; };
		B9B55FF928C6235F00B37ED4 /* Assets.xcassets in Resources */ = {isa = PBXBuildFile; fileRef = B9B55FF828C6235F00B37ED4 /* Assets.xcassets */; };
		B9B55FFC28C6235F00B37ED4 /* LaunchScreen.storyboard in Resources */ = {isa = PBXBuildFile; fileRef = B9B55FFA28C6235F00B37ED4 /* LaunchScreen.storyboard */; };
		B9B5601128C6235F00B37ED4 /* LazylessUITests.swift in Sources */ = {isa = PBXBuildFile; fileRef = B9B5601028C6235F00B37ED4 /* LazylessUITests.swift */; };
		B9B5601328C6235F00B37ED4 /* LazylessUITestsLaunchTests.swift in Sources */ = {isa = PBXBuildFile; fileRef = B9B5601228C6235F00B37ED4 /* LazylessUITestsLaunchTests.swift */; };
		FC82C2FC28D88FC4009FBAE5 /* (null) in Sources */ = {isa = PBXBuildFile; };
		FC82C30028DB4BE2009FBAE5 /* SliderView.swift in Sources */ = {isa = PBXBuildFile; fileRef = FC82C2FF28DB4BE2009FBAE5 /* SliderView.swift */; };
		FC82C30228DB4BFB009FBAE5 /* ActivityViewController.swift in Sources */ = {isa = PBXBuildFile; fileRef = FC82C30128DB4BFB009FBAE5 /* ActivityViewController.swift */; };
		FC8481CF28CF70CC009FFC06 /* File.swift in Sources */ = {isa = PBXBuildFile; fileRef = FC8481CE28CF70CC009FFC06 /* File.swift */; };
/* End PBXBuildFile section */

/* Begin PBXContainerItemProxy section */
		B9B5600328C6235F00B37ED4 /* PBXContainerItemProxy */ = {
			isa = PBXContainerItemProxy;
			containerPortal = B9B55FE428C6235E00B37ED4 /* Project object */;
			proxyType = 1;
			remoteGlobalIDString = B9B55FEB28C6235E00B37ED4;
			remoteInfo = Lazyless;
		};
		B9B5600D28C6235F00B37ED4 /* PBXContainerItemProxy */ = {
			isa = PBXContainerItemProxy;
			containerPortal = B9B55FE428C6235E00B37ED4 /* Project object */;
			proxyType = 1;
			remoteGlobalIDString = B9B55FEB28C6235E00B37ED4;
			remoteInfo = Lazyless;
		};
/* End PBXContainerItemProxy section */

/* Begin PBXFileReference section */
		4F31D5C728D1FD480092A2FC /* ActivityModel.swift */ = {isa = PBXFileReference; lastKnownFileType = sourcecode.swift; path = ActivityModel.swift; sourceTree = "<group>"; };
		4F31D5C928D200730092A2FC /* database.json */ = {isa = PBXFileReference; lastKnownFileType = text.json; path = database.json; sourceTree = "<group>"; };
		4F31D5CB28D2215C0092A2FC /* HeartView.swift */ = {isa = PBXFileReference; lastKnownFileType = sourcecode.swift; path = HeartView.swift; sourceTree = "<group>"; };
		4F5076DB28D36EAD00DAEF80 /* SpeakView.swift */ = {isa = PBXFileReference; lastKnownFileType = sourcecode.swift; path = SpeakView.swift; sourceTree = "<group>"; };
		4F5076DD28D36EC000DAEF80 /* SpeakModel.swift */ = {isa = PBXFileReference; lastKnownFileType = sourcecode.swift; path = SpeakModel.swift; sourceTree = "<group>"; };
		4FA74FA428CB65D8005387CF /* ViewCoding.swift */ = {isa = PBXFileReference; lastKnownFileType = sourcecode.swift; path = ViewCoding.swift; sourceTree = "<group>"; };
		4FA74FA828CB6658005387CF /* MainController.swift */ = {isa = PBXFileReference; lastKnownFileType = sourcecode.swift; path = MainController.swift; sourceTree = "<group>"; };
		4FA74FAA28CB6778005387CF /* MainBackgroundView.swift */ = {isa = PBXFileReference; lastKnownFileType = sourcecode.swift; path = MainBackgroundView.swift; sourceTree = "<group>"; };
		4FA74FAC28CF721C005387CF /* PersonaModel.swift */ = {isa = PBXFileReference; lastKnownFileType = sourcecode.swift; path = PersonaModel.swift; sourceTree = "<group>"; };
		4FA74FB328CF75D7005387CF /* CircularProgressView.swift */ = {isa = PBXFileReference; lastKnownFileType = sourcecode.swift; path = CircularProgressView.swift; sourceTree = "<group>"; };
		4FBB7CCB28DA188500648580 /* CustomTableViewController.swift */ = {isa = PBXFileReference; lastKnownFileType = sourcecode.swift; path = CustomTableViewController.swift; sourceTree = "<group>"; };
		4FBB7CCD28DA18BD00648580 /* CustomTableViewCell.swift */ = {isa = PBXFileReference; lastKnownFileType = sourcecode.swift; path = CustomTableViewCell.swift; sourceTree = "<group>"; };
		4FBB7CD128DA98D100648580 /* PinFunction.swift */ = {isa = PBXFileReference; lastKnownFileType = sourcecode.swift; path = PinFunction.swift; sourceTree = "<group>"; };
		B901B9E828E1DC2E00947F69 /* ActivityToTableViewDelegate.swift */ = {isa = PBXFileReference; lastKnownFileType = sourcecode.swift; path = ActivityToTableViewDelegate.swift; sourceTree = "<group>"; };
		B91CE86728DC89960066E2F5 /* ReadJson.swift */ = {isa = PBXFileReference; lastKnownFileType = sourcecode.swift; path = ReadJson.swift; sourceTree = "<group>"; };
		B91CE86928DCAC850066E2F5 /* SpeakDelegate.swift */ = {isa = PBXFileReference; lastKnownFileType = sourcecode.swift; path = SpeakDelegate.swift; sourceTree = "<group>"; };
		B92300A828D89863001D8C99 /* CardActivityView.swift */ = {isa = PBXFileReference; lastKnownFileType = sourcecode.swift; path = CardActivityView.swift; sourceTree = "<group>"; };
		B936347928D4A79300BDC4E6 /* SpeakModelTests.swift */ = {isa = PBXFileReference; lastKnownFileType = sourcecode.swift; path = SpeakModelTests.swift; sourceTree = "<group>"; };
		B9B55FEC28C6235E00B37ED4 /* Lazyless.app */ = {isa = PBXFileReference; explicitFileType = wrapper.application; includeInIndex = 0; path = Lazyless.app; sourceTree = BUILT_PRODUCTS_DIR; };
		B9B55FEF28C6235E00B37ED4 /* AppDelegate.swift */ = {isa = PBXFileReference; lastKnownFileType = sourcecode.swift; path = AppDelegate.swift; sourceTree = "<group>"; };
		B9B55FF128C6235E00B37ED4 /* SceneDelegate.swift */ = {isa = PBXFileReference; lastKnownFileType = sourcecode.swift; path = SceneDelegate.swift; sourceTree = "<group>"; };
		B9B55FF828C6235F00B37ED4 /* Assets.xcassets */ = {isa = PBXFileReference; lastKnownFileType = folder.assetcatalog; path = Assets.xcassets; sourceTree = "<group>"; };
		B9B55FFB28C6235F00B37ED4 /* Base */ = {isa = PBXFileReference; lastKnownFileType = file.storyboard; name = Base; path = Base.lproj/LaunchScreen.storyboard; sourceTree = "<group>"; };
		B9B55FFD28C6235F00B37ED4 /* Info.plist */ = {isa = PBXFileReference; lastKnownFileType = text.plist.xml; path = Info.plist; sourceTree = "<group>"; };
		B9B5600228C6235F00B37ED4 /* LazylessTests.xctest */ = {isa = PBXFileReference; explicitFileType = wrapper.cfbundle; includeInIndex = 0; path = LazylessTests.xctest; sourceTree = BUILT_PRODUCTS_DIR; };
		B9B5600C28C6235F00B37ED4 /* LazylessUITests.xctest */ = {isa = PBXFileReference; explicitFileType = wrapper.cfbundle; includeInIndex = 0; path = LazylessUITests.xctest; sourceTree = BUILT_PRODUCTS_DIR; };
		B9B5601028C6235F00B37ED4 /* LazylessUITests.swift */ = {isa = PBXFileReference; lastKnownFileType = sourcecode.swift; path = LazylessUITests.swift; sourceTree = "<group>"; };
		B9B5601228C6235F00B37ED4 /* LazylessUITestsLaunchTests.swift */ = {isa = PBXFileReference; lastKnownFileType = sourcecode.swift; path = LazylessUITestsLaunchTests.swift; sourceTree = "<group>"; };
		B9C90BA928D0BD39007AE6F9 /* SpeakViewModel.swift */ = {isa = PBXFileReference; lastKnownFileType = sourcecode.swift; path = SpeakViewModel.swift; sourceTree = "<group>"; };
		FC82C2FF28DB4BE2009FBAE5 /* SliderView.swift */ = {isa = PBXFileReference; lastKnownFileType = sourcecode.swift; path = SliderView.swift; sourceTree = "<group>"; };
		FC82C30128DB4BFB009FBAE5 /* ActivityViewController.swift */ = {isa = PBXFileReference; lastKnownFileType = sourcecode.swift; path = ActivityViewController.swift; sourceTree = "<group>"; };
		FC8481CE28CF70CC009FFC06 /* File.swift */ = {isa = PBXFileReference; lastKnownFileType = sourcecode.swift; path = File.swift; sourceTree = "<group>"; };
		FCCEC7AB28D0CA93001C3BE2 /* ActivityViewController.swift */ = {isa = PBXFileReference; lastKnownFileType = sourcecode.swift; path = ActivityViewController.swift; sourceTree = "<group>"; };
/* End PBXFileReference section */

/* Begin PBXFrameworksBuildPhase section */
		B9B55FE928C6235E00B37ED4 /* Frameworks */ = {
			isa = PBXFrameworksBuildPhase;
			buildActionMask = 2147483647;
			files = (
				4FA74FB228CF732D005387CF /* Lottie in Frameworks */,
			);
			runOnlyForDeploymentPostprocessing = 0;
		};
		B9B55FFF28C6235F00B37ED4 /* Frameworks */ = {
			isa = PBXFrameworksBuildPhase;
			buildActionMask = 2147483647;
			files = (
			);
			runOnlyForDeploymentPostprocessing = 0;
		};
		B9B5600928C6235F00B37ED4 /* Frameworks */ = {
			isa = PBXFrameworksBuildPhase;
			buildActionMask = 2147483647;
			files = (
			);
			runOnlyForDeploymentPostprocessing = 0;
		};
/* End PBXFrameworksBuildPhase section */

/* Begin PBXGroup section */
		4FA74FA228CB65B7005387CF /* Protocols */ = {
			isa = PBXGroup;
			children = (
				4FA74FA428CB65D8005387CF /* ViewCoding.swift */,
				B91CE86928DCAC850066E2F5 /* SpeakDelegate.swift */,
				B901B9E828E1DC2E00947F69 /* ActivityToTableViewDelegate.swift */,
			);
			path = Protocols;
			sourceTree = "<group>";
		};
		4FA74FA628CB6639005387CF /* ViewController */ = {
			isa = PBXGroup;
			children = (
				FC82C30128DB4BFB009FBAE5 /* ActivityViewController.swift */,
				4FA74FA828CB6658005387CF /* MainController.swift */,
				4FBB7CCB28DA188500648580 /* CustomTableViewController.swift */,
			);
			path = ViewController;
			sourceTree = "<group>";
		};
		4FBB7CCF28DA18C700648580 /* Cell */ = {
			isa = PBXGroup;
			children = (
				4FBB7CCD28DA18BD00648580 /* CustomTableViewCell.swift */,
			);
			name = Cell;
			path = ../Cell;
			sourceTree = "<group>";
		};
		4FBB7CD028DA98C000648580 /* Extensions  */ = {
			isa = PBXGroup;
			children = (
				4FBB7CD128DA98D100648580 /* PinFunction.swift */,
			);
			path = "Extensions ";
			sourceTree = "<group>";
		};
		B91CE86628DC89880066E2F5 /* Services */ = {
			isa = PBXGroup;
			children = (
				B91CE86728DC89960066E2F5 /* ReadJson.swift */,
			);
			path = Services;
			sourceTree = "<group>";
		};
		B936347B28D4A79900BDC4E6 /* Models */ = {
			isa = PBXGroup;
			children = (
				B936347928D4A79300BDC4E6 /* SpeakModelTests.swift */,
			);
			path = Models;
			sourceTree = "<group>";
		};
		B9B55FE328C6235E00B37ED4 = {
			isa = PBXGroup;
			children = (
				B9B55FEE28C6235E00B37ED4 /* Lazyless */,
				B9B5600528C6235F00B37ED4 /* LazylessTests */,
				B9B5600F28C6235F00B37ED4 /* LazylessUITests */,
				B9B55FED28C6235E00B37ED4 /* Products */,
				FC82C2FE28DB4BBC009FBAE5 /* Recovered References */,
			);
			sourceTree = "<group>";
		};
		B9B55FED28C6235E00B37ED4 /* Products */ = {
			isa = PBXGroup;
			children = (
				B9B55FEC28C6235E00B37ED4 /* Lazyless.app */,
				B9B5600228C6235F00B37ED4 /* LazylessTests.xctest */,
				B9B5600C28C6235F00B37ED4 /* LazylessUITests.xctest */,
			);
			name = Products;
			sourceTree = "<group>";
		};
		B9B55FEE28C6235E00B37ED4 /* Lazyless */ = {
			isa = PBXGroup;
			children = (
				B91CE86628DC89880066E2F5 /* Services */,
				4FBB7CD028DA98C000648580 /* Extensions  */,
				4FA74FA228CB65B7005387CF /* Protocols */,
				FC8481CD28CF70BB009FFC06 /* ViewModel */,
				FC8481C828CF5CD7009FFC06 /* Model */,
				4FA74FA628CB6639005387CF /* ViewController */,
				B9B5602428C6306B00B37ED4 /* View */,
				B9B55FEF28C6235E00B37ED4 /* AppDelegate.swift */,
				B9B55FF128C6235E00B37ED4 /* SceneDelegate.swift */,
				B9B55FF828C6235F00B37ED4 /* Assets.xcassets */,
				B9B55FFA28C6235F00B37ED4 /* LaunchScreen.storyboard */,
				B9B55FFD28C6235F00B37ED4 /* Info.plist */,
				4F31D5C928D200730092A2FC /* database.json */,
			);
			path = Lazyless;
			sourceTree = "<group>";
		};
		B9B5600528C6235F00B37ED4 /* LazylessTests */ = {
			isa = PBXGroup;
			children = (
				B936347B28D4A79900BDC4E6 /* Models */,
			);
			path = LazylessTests;
			sourceTree = "<group>";
		};
		B9B5600F28C6235F00B37ED4 /* LazylessUITests */ = {
			isa = PBXGroup;
			children = (
				B9B5601028C6235F00B37ED4 /* LazylessUITests.swift */,
				B9B5601228C6235F00B37ED4 /* LazylessUITestsLaunchTests.swift */,
			);
			path = LazylessUITests;
			sourceTree = "<group>";
		};
		B9B5602428C6306B00B37ED4 /* View */ = {
			isa = PBXGroup;
			children = (
				4FBB7CCF28DA18C700648580 /* Cell */,
				FC82C2FF28DB4BE2009FBAE5 /* SliderView.swift */,
				4F5076DB28D36EAD00DAEF80 /* SpeakView.swift */,
				4FA74FB328CF75D7005387CF /* CircularProgressView.swift */,
				4FA74FAA28CB6778005387CF /* MainBackgroundView.swift */,
				4F31D5CB28D2215C0092A2FC /* HeartView.swift */,
				B92300A828D89863001D8C99 /* CardActivityView.swift */,
			);
			path = View;
			sourceTree = "<group>";
		};
		FC82C2FE28DB4BBC009FBAE5 /* Recovered References */ = {
			isa = PBXGroup;
			children = (
				FCCEC7AB28D0CA93001C3BE2 /* ActivityViewController.swift */,
			);
			name = "Recovered References";
			sourceTree = "<group>";
		};
		FC8481C828CF5CD7009FFC06 /* Model */ = {
			isa = PBXGroup;
			children = (
				4F5076DD28D36EC000DAEF80 /* SpeakModel.swift */,
				4FA74FAC28CF721C005387CF /* PersonaModel.swift */,
				4F31D5C728D1FD480092A2FC /* ActivityModel.swift */,
			);
			path = Model;
			sourceTree = "<group>";
		};
		FC8481CD28CF70BB009FFC06 /* ViewModel */ = {
			isa = PBXGroup;
			children = (
				B9C90BA928D0BD39007AE6F9 /* SpeakViewModel.swift */,
				FC8481CE28CF70CC009FFC06 /* File.swift */,
			);
			path = ViewModel;
			sourceTree = "<group>";
		};
/* End PBXGroup section */

/* Begin PBXNativeTarget section */
		B9B55FEB28C6235E00B37ED4 /* Lazyless */ = {
			isa = PBXNativeTarget;
			buildConfigurationList = B9B5601628C6235F00B37ED4 /* Build configuration list for PBXNativeTarget "Lazyless" */;
			buildPhases = (
				B9B55FE828C6235E00B37ED4 /* Sources */,
				B9B55FE928C6235E00B37ED4 /* Frameworks */,
				B9B55FEA28C6235E00B37ED4 /* Resources */,
			);
			buildRules = (
			);
			dependencies = (
			);
			name = Lazyless;
			packageProductDependencies = (
				4FA74FB128CF732D005387CF /* Lottie */,
			);
			productName = Lazyless;
			productReference = B9B55FEC28C6235E00B37ED4 /* Lazyless.app */;
			productType = "com.apple.product-type.application";
		};
		B9B5600128C6235F00B37ED4 /* LazylessTests */ = {
			isa = PBXNativeTarget;
			buildConfigurationList = B9B5601928C6235F00B37ED4 /* Build configuration list for PBXNativeTarget "LazylessTests" */;
			buildPhases = (
				B9B55FFE28C6235F00B37ED4 /* Sources */,
				B9B55FFF28C6235F00B37ED4 /* Frameworks */,
				B9B5600028C6235F00B37ED4 /* Resources */,
			);
			buildRules = (
			);
			dependencies = (
				B9B5600428C6235F00B37ED4 /* PBXTargetDependency */,
			);
			name = LazylessTests;
			productName = LazylessTests;
			productReference = B9B5600228C6235F00B37ED4 /* LazylessTests.xctest */;
			productType = "com.apple.product-type.bundle.unit-test";
		};
		B9B5600B28C6235F00B37ED4 /* LazylessUITests */ = {
			isa = PBXNativeTarget;
			buildConfigurationList = B9B5601C28C6235F00B37ED4 /* Build configuration list for PBXNativeTarget "LazylessUITests" */;
			buildPhases = (
				B9B5600828C6235F00B37ED4 /* Sources */,
				B9B5600928C6235F00B37ED4 /* Frameworks */,
				B9B5600A28C6235F00B37ED4 /* Resources */,
			);
			buildRules = (
			);
			dependencies = (
				B9B5600E28C6235F00B37ED4 /* PBXTargetDependency */,
			);
			name = LazylessUITests;
			productName = LazylessUITests;
			productReference = B9B5600C28C6235F00B37ED4 /* LazylessUITests.xctest */;
			productType = "com.apple.product-type.bundle.ui-testing";
		};
/* End PBXNativeTarget section */

/* Begin PBXProject section */
		B9B55FE428C6235E00B37ED4 /* Project object */ = {
			isa = PBXProject;
			attributes = {
				BuildIndependentTargetsInParallel = 1;
				LastSwiftUpdateCheck = 1340;
				LastUpgradeCheck = 1340;
				TargetAttributes = {
					B9B55FEB28C6235E00B37ED4 = {
						CreatedOnToolsVersion = 13.4.1;
					};
					B9B5600128C6235F00B37ED4 = {
						CreatedOnToolsVersion = 13.4.1;
						TestTargetID = B9B55FEB28C6235E00B37ED4;
					};
					B9B5600B28C6235F00B37ED4 = {
						CreatedOnToolsVersion = 13.4.1;
						TestTargetID = B9B55FEB28C6235E00B37ED4;
					};
				};
			};
			buildConfigurationList = B9B55FE728C6235E00B37ED4 /* Build configuration list for PBXProject "Lazyless" */;
			compatibilityVersion = "Xcode 13.0";
			developmentRegion = en;
			hasScannedForEncodings = 0;
			knownRegions = (
				en,
				Base,
			);
			mainGroup = B9B55FE328C6235E00B37ED4;
			packageReferences = (
				4FA74FB028CF732D005387CF /* XCRemoteSwiftPackageReference "lottie-ios" */,
			);
			productRefGroup = B9B55FED28C6235E00B37ED4 /* Products */;
			projectDirPath = "";
			projectRoot = "";
			targets = (
				B9B55FEB28C6235E00B37ED4 /* Lazyless */,
				B9B5600128C6235F00B37ED4 /* LazylessTests */,
				B9B5600B28C6235F00B37ED4 /* LazylessUITests */,
			);
		};
/* End PBXProject section */

/* Begin PBXResourcesBuildPhase section */
		B9B55FEA28C6235E00B37ED4 /* Resources */ = {
			isa = PBXResourcesBuildPhase;
			buildActionMask = 2147483647;
			files = (
				B9B55FFC28C6235F00B37ED4 /* LaunchScreen.storyboard in Resources */,
				4F31D5CA28D200730092A2FC /* database.json in Resources */,
				B9B55FF928C6235F00B37ED4 /* Assets.xcassets in Resources */,
			);
			runOnlyForDeploymentPostprocessing = 0;
		};
		B9B5600028C6235F00B37ED4 /* Resources */ = {
			isa = PBXResourcesBuildPhase;
			buildActionMask = 2147483647;
			files = (
			);
			runOnlyForDeploymentPostprocessing = 0;
		};
		B9B5600A28C6235F00B37ED4 /* Resources */ = {
			isa = PBXResourcesBuildPhase;
			buildActionMask = 2147483647;
			files = (
			);
			runOnlyForDeploymentPostprocessing = 0;
		};
/* End PBXResourcesBuildPhase section */

/* Begin PBXSourcesBuildPhase section */
		B9B55FE828C6235E00B37ED4 /* Sources */ = {
			isa = PBXSourcesBuildPhase;
			buildActionMask = 2147483647;
			files = (
				FC82C30228DB4BFB009FBAE5 /* ActivityViewController.swift in Sources */,
				FC82C30028DB4BE2009FBAE5 /* SliderView.swift in Sources */,
				4F5076E128D3766000DAEF80 /* MainController.swift in Sources */,
				4FBB7CD228DA98D100648580 /* PinFunction.swift in Sources */,
				4F5076DE28D36EC000DAEF80 /* SpeakModel.swift in Sources */,
				4F5076DC28D36EAD00DAEF80 /* SpeakView.swift in Sources */,
				4F31D5C828D1FD480092A2FC /* ActivityModel.swift in Sources */,
				B9B55FF028C6235E00B37ED4 /* AppDelegate.swift in Sources */,
				4FBB7CCC28DA188500648580 /* CustomTableViewController.swift in Sources */,
				B9B55FF228C6235E00B37ED4 /* SceneDelegate.swift in Sources */,
				4F31D5CC28D2215C0092A2FC /* HeartView.swift in Sources */,
				B91CE86828DC89960066E2F5 /* ReadJson.swift in Sources */,
				4FA74FA528CB65D8005387CF /* ViewCoding.swift in Sources */,
				B901B9E928E1DC2E00947F69 /* ActivityToTableViewDelegate.swift in Sources */,
				FC8481CF28CF70CC009FFC06 /* File.swift in Sources */,
				B91CE86A28DCAC850066E2F5 /* SpeakDelegate.swift in Sources */,
				4FBB7CCE28DA18BD00648580 /* CustomTableViewCell.swift in Sources */,
				4FA74FAD28CF721C005387CF /* PersonaModel.swift in Sources */,
				FC82C2FC28D88FC4009FBAE5 /* (null) in Sources */,
				4FA74FB428CF75D7005387CF /* CircularProgressView.swift in Sources */,
				B92300A928D89863001D8C99 /* CardActivityView.swift in Sources */,
				4FA74FAB28CB6778005387CF /* MainBackgroundView.swift in Sources */,
			);
			runOnlyForDeploymentPostprocessing = 0;
		};
		B9B55FFE28C6235F00B37ED4 /* Sources */ = {
			isa = PBXSourcesBuildPhase;
			buildActionMask = 2147483647;
			files = (
				B936347A28D4A79300BDC4E6 /* SpeakModelTests.swift in Sources */,
			);
			runOnlyForDeploymentPostprocessing = 0;
		};
		B9B5600828C6235F00B37ED4 /* Sources */ = {
			isa = PBXSourcesBuildPhase;
			buildActionMask = 2147483647;
			files = (
				B9B5601328C6235F00B37ED4 /* LazylessUITestsLaunchTests.swift in Sources */,
				B9B5601128C6235F00B37ED4 /* LazylessUITests.swift in Sources */,
			);
			runOnlyForDeploymentPostprocessing = 0;
		};
/* End PBXSourcesBuildPhase section */

/* Begin PBXTargetDependency section */
		B9B5600428C6235F00B37ED4 /* PBXTargetDependency */ = {
			isa = PBXTargetDependency;
			target = B9B55FEB28C6235E00B37ED4 /* Lazyless */;
			targetProxy = B9B5600328C6235F00B37ED4 /* PBXContainerItemProxy */;
		};
		B9B5600E28C6235F00B37ED4 /* PBXTargetDependency */ = {
			isa = PBXTargetDependency;
			target = B9B55FEB28C6235E00B37ED4 /* Lazyless */;
			targetProxy = B9B5600D28C6235F00B37ED4 /* PBXContainerItemProxy */;
		};
/* End PBXTargetDependency section */

/* Begin PBXVariantGroup section */
		B9B55FFA28C6235F00B37ED4 /* LaunchScreen.storyboard */ = {
			isa = PBXVariantGroup;
			children = (
				B9B55FFB28C6235F00B37ED4 /* Base */,
			);
			name = LaunchScreen.storyboard;
			sourceTree = "<group>";
		};
/* End PBXVariantGroup section */

/* Begin XCBuildConfiguration section */
		B9B5601428C6235F00B37ED4 /* Debug */ = {
			isa = XCBuildConfiguration;
			buildSettings = {
				ALWAYS_SEARCH_USER_PATHS = NO;
				CLANG_ANALYZER_NONNULL = YES;
				CLANG_ANALYZER_NUMBER_OBJECT_CONVERSION = YES_AGGRESSIVE;
				CLANG_CXX_LANGUAGE_STANDARD = "gnu++17";
				CLANG_ENABLE_MODULES = YES;
				CLANG_ENABLE_OBJC_ARC = YES;
				CLANG_ENABLE_OBJC_WEAK = YES;
				CLANG_WARN_BLOCK_CAPTURE_AUTORELEASING = YES;
				CLANG_WARN_BOOL_CONVERSION = YES;
				CLANG_WARN_COMMA = YES;
				CLANG_WARN_CONSTANT_CONVERSION = YES;
				CLANG_WARN_DEPRECATED_OBJC_IMPLEMENTATIONS = YES;
				CLANG_WARN_DIRECT_OBJC_ISA_USAGE = YES_ERROR;
				CLANG_WARN_DOCUMENTATION_COMMENTS = YES;
				CLANG_WARN_EMPTY_BODY = YES;
				CLANG_WARN_ENUM_CONVERSION = YES;
				CLANG_WARN_INFINITE_RECURSION = YES;
				CLANG_WARN_INT_CONVERSION = YES;
				CLANG_WARN_NON_LITERAL_NULL_CONVERSION = YES;
				CLANG_WARN_OBJC_IMPLICIT_RETAIN_SELF = YES;
				CLANG_WARN_OBJC_LITERAL_CONVERSION = YES;
				CLANG_WARN_OBJC_ROOT_CLASS = YES_ERROR;
				CLANG_WARN_QUOTED_INCLUDE_IN_FRAMEWORK_HEADER = YES;
				CLANG_WARN_RANGE_LOOP_ANALYSIS = YES;
				CLANG_WARN_STRICT_PROTOTYPES = YES;
				CLANG_WARN_SUSPICIOUS_MOVE = YES;
				CLANG_WARN_UNGUARDED_AVAILABILITY = YES_AGGRESSIVE;
				CLANG_WARN_UNREACHABLE_CODE = YES;
				CLANG_WARN__DUPLICATE_METHOD_MATCH = YES;
				COPY_PHASE_STRIP = NO;
				DEBUG_INFORMATION_FORMAT = dwarf;
				ENABLE_STRICT_OBJC_MSGSEND = YES;
				ENABLE_TESTABILITY = YES;
				GCC_C_LANGUAGE_STANDARD = gnu11;
				GCC_DYNAMIC_NO_PIC = NO;
				GCC_NO_COMMON_BLOCKS = YES;
				GCC_OPTIMIZATION_LEVEL = 0;
				GCC_PREPROCESSOR_DEFINITIONS = (
					"DEBUG=1",
					"$(inherited)",
				);
				GCC_WARN_64_TO_32_BIT_CONVERSION = YES;
				GCC_WARN_ABOUT_RETURN_TYPE = YES_ERROR;
				GCC_WARN_UNDECLARED_SELECTOR = YES;
				GCC_WARN_UNINITIALIZED_AUTOS = YES_AGGRESSIVE;
				GCC_WARN_UNUSED_FUNCTION = YES;
				GCC_WARN_UNUSED_VARIABLE = YES;
				IPHONEOS_DEPLOYMENT_TARGET = 15.5;
				MTL_ENABLE_DEBUG_INFO = INCLUDE_SOURCE;
				MTL_FAST_MATH = YES;
				ONLY_ACTIVE_ARCH = YES;
				SDKROOT = iphoneos;
				SWIFT_ACTIVE_COMPILATION_CONDITIONS = DEBUG;
				SWIFT_OPTIMIZATION_LEVEL = "-Onone";
			};
			name = Debug;
		};
		B9B5601528C6235F00B37ED4 /* Release */ = {
			isa = XCBuildConfiguration;
			buildSettings = {
				ALWAYS_SEARCH_USER_PATHS = NO;
				CLANG_ANALYZER_NONNULL = YES;
				CLANG_ANALYZER_NUMBER_OBJECT_CONVERSION = YES_AGGRESSIVE;
				CLANG_CXX_LANGUAGE_STANDARD = "gnu++17";
				CLANG_ENABLE_MODULES = YES;
				CLANG_ENABLE_OBJC_ARC = YES;
				CLANG_ENABLE_OBJC_WEAK = YES;
				CLANG_WARN_BLOCK_CAPTURE_AUTORELEASING = YES;
				CLANG_WARN_BOOL_CONVERSION = YES;
				CLANG_WARN_COMMA = YES;
				CLANG_WARN_CONSTANT_CONVERSION = YES;
				CLANG_WARN_DEPRECATED_OBJC_IMPLEMENTATIONS = YES;
				CLANG_WARN_DIRECT_OBJC_ISA_USAGE = YES_ERROR;
				CLANG_WARN_DOCUMENTATION_COMMENTS = YES;
				CLANG_WARN_EMPTY_BODY = YES;
				CLANG_WARN_ENUM_CONVERSION = YES;
				CLANG_WARN_INFINITE_RECURSION = YES;
				CLANG_WARN_INT_CONVERSION = YES;
				CLANG_WARN_NON_LITERAL_NULL_CONVERSION = YES;
				CLANG_WARN_OBJC_IMPLICIT_RETAIN_SELF = YES;
				CLANG_WARN_OBJC_LITERAL_CONVERSION = YES;
				CLANG_WARN_OBJC_ROOT_CLASS = YES_ERROR;
				CLANG_WARN_QUOTED_INCLUDE_IN_FRAMEWORK_HEADER = YES;
				CLANG_WARN_RANGE_LOOP_ANALYSIS = YES;
				CLANG_WARN_STRICT_PROTOTYPES = YES;
				CLANG_WARN_SUSPICIOUS_MOVE = YES;
				CLANG_WARN_UNGUARDED_AVAILABILITY = YES_AGGRESSIVE;
				CLANG_WARN_UNREACHABLE_CODE = YES;
				CLANG_WARN__DUPLICATE_METHOD_MATCH = YES;
				COPY_PHASE_STRIP = NO;
				DEBUG_INFORMATION_FORMAT = "dwarf-with-dsym";
				ENABLE_NS_ASSERTIONS = NO;
				ENABLE_STRICT_OBJC_MSGSEND = YES;
				GCC_C_LANGUAGE_STANDARD = gnu11;
				GCC_NO_COMMON_BLOCKS = YES;
				GCC_WARN_64_TO_32_BIT_CONVERSION = YES;
				GCC_WARN_ABOUT_RETURN_TYPE = YES_ERROR;
				GCC_WARN_UNDECLARED_SELECTOR = YES;
				GCC_WARN_UNINITIALIZED_AUTOS = YES_AGGRESSIVE;
				GCC_WARN_UNUSED_FUNCTION = YES;
				GCC_WARN_UNUSED_VARIABLE = YES;
				IPHONEOS_DEPLOYMENT_TARGET = 15.5;
				MTL_ENABLE_DEBUG_INFO = NO;
				MTL_FAST_MATH = YES;
				SDKROOT = iphoneos;
				SWIFT_COMPILATION_MODE = wholemodule;
				SWIFT_OPTIMIZATION_LEVEL = "-O";
				VALIDATE_PRODUCT = YES;
			};
			name = Release;
		};
		B9B5601728C6235F00B37ED4 /* Debug */ = {
			isa = XCBuildConfiguration;
			buildSettings = {
				ASSETCATALOG_COMPILER_APPICON_NAME = AppIcon;
				ASSETCATALOG_COMPILER_GLOBAL_ACCENT_COLOR_NAME = AccentColor;
				CODE_SIGN_STYLE = Automatic;
				CURRENT_PROJECT_VERSION = 1;
				DEVELOPMENT_TEAM = 949BRFMFQG;
				GENERATE_INFOPLIST_FILE = YES;
				INFOPLIST_FILE = Lazyless/Info.plist;
				INFOPLIST_KEY_UIApplicationSupportsIndirectInputEvents = YES;
				INFOPLIST_KEY_UILaunchStoryboardName = LaunchScreen;
				INFOPLIST_KEY_UISupportedInterfaceOrientations_iPad = "UIInterfaceOrientationPortrait UIInterfaceOrientationPortraitUpsideDown UIInterfaceOrientationLandscapeLeft UIInterfaceOrientationLandscapeRight";
				INFOPLIST_KEY_UISupportedInterfaceOrientations_iPhone = "UIInterfaceOrientationPortrait UIInterfaceOrientationLandscapeLeft UIInterfaceOrientationLandscapeRight";
				LD_RUNPATH_SEARCH_PATHS = (
					"$(inherited)",
					"@executable_path/Frameworks",
				);
				MARKETING_VERSION = 1.0;
				PRODUCT_BUNDLE_IDENTIFIER = com.ifce.academy.Lazyless;
				PRODUCT_NAME = "$(TARGET_NAME)";
				SWIFT_EMIT_LOC_STRINGS = YES;
				SWIFT_VERSION = 5.0;
				TARGETED_DEVICE_FAMILY = "1,2";
			};
			name = Debug;
		};
		B9B5601828C6235F00B37ED4 /* Release */ = {
			isa = XCBuildConfiguration;
			buildSettings = {
				ASSETCATALOG_COMPILER_APPICON_NAME = AppIcon;
				ASSETCATALOG_COMPILER_GLOBAL_ACCENT_COLOR_NAME = AccentColor;
				CODE_SIGN_STYLE = Automatic;
				CURRENT_PROJECT_VERSION = 1;
				DEVELOPMENT_TEAM = 949BRFMFQG;
				GENERATE_INFOPLIST_FILE = YES;
				INFOPLIST_FILE = Lazyless/Info.plist;
				INFOPLIST_KEY_UIApplicationSupportsIndirectInputEvents = YES;
				INFOPLIST_KEY_UILaunchStoryboardName = LaunchScreen;
				INFOPLIST_KEY_UISupportedInterfaceOrientations_iPad = "UIInterfaceOrientationPortrait UIInterfaceOrientationPortraitUpsideDown UIInterfaceOrientationLandscapeLeft UIInterfaceOrientationLandscapeRight";
				INFOPLIST_KEY_UISupportedInterfaceOrientations_iPhone = "UIInterfaceOrientationPortrait UIInterfaceOrientationLandscapeLeft UIInterfaceOrientationLandscapeRight";
				LD_RUNPATH_SEARCH_PATHS = (
					"$(inherited)",
					"@executable_path/Frameworks",
				);
				MARKETING_VERSION = 1.0;
				PRODUCT_BUNDLE_IDENTIFIER = com.ifce.academy.Lazyless;
				PRODUCT_NAME = "$(TARGET_NAME)";
				SWIFT_EMIT_LOC_STRINGS = YES;
				SWIFT_VERSION = 5.0;
				TARGETED_DEVICE_FAMILY = "1,2";
			};
			name = Release;
		};
		B9B5601A28C6235F00B37ED4 /* Debug */ = {
			isa = XCBuildConfiguration;
			buildSettings = {
				ALWAYS_EMBED_SWIFT_STANDARD_LIBRARIES = YES;
				BUNDLE_LOADER = "$(TEST_HOST)";
				CODE_SIGN_STYLE = Automatic;
				CURRENT_PROJECT_VERSION = 1;
				DEVELOPMENT_TEAM = 949BRFMFQG;
				GENERATE_INFOPLIST_FILE = YES;
				IPHONEOS_DEPLOYMENT_TARGET = 15.5;
				MARKETING_VERSION = 1.0;
				PRODUCT_BUNDLE_IDENTIFIER = com.ifce.academy.LazylessTests;
				PRODUCT_NAME = "$(TARGET_NAME)";
				SWIFT_EMIT_LOC_STRINGS = NO;
				SWIFT_VERSION = 5.0;
				TARGETED_DEVICE_FAMILY = "1,2";
				TEST_HOST = "$(BUILT_PRODUCTS_DIR)/Lazyless.app/Lazyless";
			};
			name = Debug;
		};
		B9B5601B28C6235F00B37ED4 /* Release */ = {
			isa = XCBuildConfiguration;
			buildSettings = {
				ALWAYS_EMBED_SWIFT_STANDARD_LIBRARIES = YES;
				BUNDLE_LOADER = "$(TEST_HOST)";
				CODE_SIGN_STYLE = Automatic;
				CURRENT_PROJECT_VERSION = 1;
				DEVELOPMENT_TEAM = 949BRFMFQG;
				GENERATE_INFOPLIST_FILE = YES;
				IPHONEOS_DEPLOYMENT_TARGET = 15.5;
				MARKETING_VERSION = 1.0;
				PRODUCT_BUNDLE_IDENTIFIER = com.ifce.academy.LazylessTests;
				PRODUCT_NAME = "$(TARGET_NAME)";
				SWIFT_EMIT_LOC_STRINGS = NO;
				SWIFT_VERSION = 5.0;
				TARGETED_DEVICE_FAMILY = "1,2";
				TEST_HOST = "$(BUILT_PRODUCTS_DIR)/Lazyless.app/Lazyless";
			};
			name = Release;
		};
		B9B5601D28C6235F00B37ED4 /* Debug */ = {
			isa = XCBuildConfiguration;
			buildSettings = {
				ALWAYS_EMBED_SWIFT_STANDARD_LIBRARIES = YES;
				CODE_SIGN_STYLE = Automatic;
				CURRENT_PROJECT_VERSION = 1;
				DEVELOPMENT_TEAM = 949BRFMFQG;
				GENERATE_INFOPLIST_FILE = YES;
				MARKETING_VERSION = 1.0;
				PRODUCT_BUNDLE_IDENTIFIER = com.ifce.academy.LazylessUITests;
				PRODUCT_NAME = "$(TARGET_NAME)";
				SWIFT_EMIT_LOC_STRINGS = NO;
				SWIFT_VERSION = 5.0;
				TARGETED_DEVICE_FAMILY = "1,2";
				TEST_TARGET_NAME = Lazyless;
			};
			name = Debug;
		};
		B9B5601E28C6235F00B37ED4 /* Release */ = {
			isa = XCBuildConfiguration;
			buildSettings = {
				ALWAYS_EMBED_SWIFT_STANDARD_LIBRARIES = YES;
				CODE_SIGN_STYLE = Automatic;
				CURRENT_PROJECT_VERSION = 1;
				DEVELOPMENT_TEAM = 949BRFMFQG;
				GENERATE_INFOPLIST_FILE = YES;
				MARKETING_VERSION = 1.0;
				PRODUCT_BUNDLE_IDENTIFIER = com.ifce.academy.LazylessUITests;
				PRODUCT_NAME = "$(TARGET_NAME)";
				SWIFT_EMIT_LOC_STRINGS = NO;
				SWIFT_VERSION = 5.0;
				TARGETED_DEVICE_FAMILY = "1,2";
				TEST_TARGET_NAME = Lazyless;
			};
			name = Release;
		};
/* End XCBuildConfiguration section */

/* Begin XCConfigurationList section */
		B9B55FE728C6235E00B37ED4 /* Build configuration list for PBXProject "Lazyless" */ = {
			isa = XCConfigurationList;
			buildConfigurations = (
				B9B5601428C6235F00B37ED4 /* Debug */,
				B9B5601528C6235F00B37ED4 /* Release */,
			);
			defaultConfigurationIsVisible = 0;
			defaultConfigurationName = Release;
		};
		B9B5601628C6235F00B37ED4 /* Build configuration list for PBXNativeTarget "Lazyless" */ = {
			isa = XCConfigurationList;
			buildConfigurations = (
				B9B5601728C6235F00B37ED4 /* Debug */,
				B9B5601828C6235F00B37ED4 /* Release */,
			);
			defaultConfigurationIsVisible = 0;
			defaultConfigurationName = Release;
		};
		B9B5601928C6235F00B37ED4 /* Build configuration list for PBXNativeTarget "LazylessTests" */ = {
			isa = XCConfigurationList;
			buildConfigurations = (
				B9B5601A28C6235F00B37ED4 /* Debug */,
				B9B5601B28C6235F00B37ED4 /* Release */,
			);
			defaultConfigurationIsVisible = 0;
			defaultConfigurationName = Release;
		};
		B9B5601C28C6235F00B37ED4 /* Build configuration list for PBXNativeTarget "LazylessUITests" */ = {
			isa = XCConfigurationList;
			buildConfigurations = (
				B9B5601D28C6235F00B37ED4 /* Debug */,
				B9B5601E28C6235F00B37ED4 /* Release */,
			);
			defaultConfigurationIsVisible = 0;
			defaultConfigurationName = Release;
		};
/* End XCConfigurationList section */

/* Begin XCRemoteSwiftPackageReference section */
		4FA74FB028CF732D005387CF /* XCRemoteSwiftPackageReference "lottie-ios" */ = {
			isa = XCRemoteSwiftPackageReference;
			repositoryURL = "https://github.com/airbnb/lottie-ios.git";
			requirement = {
				branch = master;
				kind = branch;
			};
		};
/* End XCRemoteSwiftPackageReference section */

/* Begin XCSwiftPackageProductDependency section */
		4FA74FB128CF732D005387CF /* Lottie */ = {
			isa = XCSwiftPackageProductDependency;
			package = 4FA74FB028CF732D005387CF /* XCRemoteSwiftPackageReference "lottie-ios" */;
			productName = Lottie;
		};
/* End XCSwiftPackageProductDependency section */
	};
	rootObject = B9B55FE428C6235E00B37ED4 /* Project object */;
}
